
Microsoft Visual Studio Solution File, Format Version 12.00
# Visual Studio Version 16
VisualStudioVersion = 16.0.32228.343
MinimumVisualStudioVersion = 10.0.40219.1
Project("{FAE04EC0-301F-11D3-BF4B-00C04F79EFBC}") = "Lab_02", "Lab_02\Lab_02.csproj", "{CA328F99-D3EB-4A68-9C6E-D5DE0A9F538A}"
EndProject
Global
	GlobalSection(SolutionConfigurationPlatforms) = preSolution
		Debug|Any CPU = Debug|Any CPU
		Release|Any CPU = Release|Any CPU
	EndGlobalSection
	GlobalSection(ProjectConfigurationPlatforms) = postSolution
		{CA328F99-D3EB-4A68-9C6E-D5DE0A9F538A}.Debug|Any CPU.ActiveCfg = Debug|Any CPU
		{CA328F99-D3EB-4A68-9C6E-D5DE0A9F538A}.Debug|Any CPU.Build.0 = Debug|Any CPU
		{CA328F99-D3EB-4A68-9C6E-D5DE0A9F538A}.Release|Any CPU.ActiveCfg = Release|Any CPU
		{CA328F99-D3EB-4A68-9C6E-D5DE0A9F538A}.Release|Any CPU.Build.0 = Release|Any CPU
	EndGlobalSection
	GlobalSection(SolutionProperties) = preSolution
		HideSolutionNode = FALSE
	EndGlobalSection
	GlobalSection(ExtensibilityGlobals) = postSolution
		SolutionGuid = {8372895F-642B-4E7F-A3CD-65FE9FF10FC6}
	EndGlobalSection
EndGlobal
