
Microsoft Visual Studio Solution File, Format Version 12.00
# Visual Studio Version 16
VisualStudioVersion = 16.0.32228.343
MinimumVisualStudioVersion = 10.0.40219.1
Project("{FAE04EC0-301F-11D3-BF4B-00C04F79EFBC}") = "Auditoriska_03", "Auditoriska_03\Auditoriska_03.csproj", "{945EB391-EC4C-4E24-87F1-62B03DE49C07}"
EndProject
Global
	GlobalSection(SolutionConfigurationPlatforms) = preSolution
		Debug|Any CPU = Debug|Any CPU
		Release|Any CPU = Release|Any CPU
	EndGlobalSection
	GlobalSection(ProjectConfigurationPlatforms) = postSolution
		{945EB391-EC4C-4E24-87F1-62B03DE49C07}.Debug|Any CPU.ActiveCfg = Debug|Any CPU
		{945EB391-EC4C-4E24-87F1-62B03DE49C07}.Debug|Any CPU.Build.0 = Debug|Any CPU
		{945EB391-EC4C-4E24-87F1-62B03DE49C07}.Release|Any CPU.ActiveCfg = Release|Any CPU
		{945EB391-EC4C-4E24-87F1-62B03DE49C07}.Release|Any CPU.Build.0 = Release|Any CPU
	EndGlobalSection
	GlobalSection(SolutionProperties) = preSolution
		HideSolutionNode = FALSE
	EndGlobalSection
	GlobalSection(ExtensibilityGlobals) = postSolution
		SolutionGuid = {2B4A72D6-0C18-4DBD-B664-9A0453841AFB}
	EndGlobalSection
EndGlobal
