
Microsoft Visual Studio Solution File, Format Version 12.00
# Visual Studio Version 16
VisualStudioVersion = 16.0.32228.343
MinimumVisualStudioVersion = 10.0.40219.1
Project("{FAE04EC0-301F-11D3-BF4B-00C04F79EFBC}") = "Auditoriska_8", "Auditoriska_8\Auditoriska_8.csproj", "{6039F5A6-6607-4F8D-853F-27711E63A621}"
EndProject
Global
	GlobalSection(SolutionConfigurationPlatforms) = preSolution
		Debug|Any CPU = Debug|Any CPU
		Release|Any CPU = Release|Any CPU
	EndGlobalSection
	GlobalSection(ProjectConfigurationPlatforms) = postSolution
		{6039F5A6-6607-4F8D-853F-27711E63A621}.Debug|Any CPU.ActiveCfg = Debug|Any CPU
		{6039F5A6-6607-4F8D-853F-27711E63A621}.Debug|Any CPU.Build.0 = Debug|Any CPU
		{6039F5A6-6607-4F8D-853F-27711E63A621}.Release|Any CPU.ActiveCfg = Release|Any CPU
		{6039F5A6-6607-4F8D-853F-27711E63A621}.Release|Any CPU.Build.0 = Release|Any CPU
	EndGlobalSection
	GlobalSection(SolutionProperties) = preSolution
		HideSolutionNode = FALSE
	EndGlobalSection
	GlobalSection(ExtensibilityGlobals) = postSolution
		SolutionGuid = {DF894C8A-DB27-49D8-9ABB-08DDD3A81013}
	EndGlobalSection
EndGlobal
